
Microsoft Visual Studio Solution File, Format Version 12.00
# Visual Studio Version 16
VisualStudioVersion = 16.0.31112.23
MinimumVisualStudioVersion = 10.0.40219.1
Project("{FAE04EC0-301F-11D3-BF4B-00C04F79EFBC}") = "FelfelWarehouse", "FelfelWarehouse\FelfelWarehouse.csproj", "{C6F9FE36-3DD5-4C6C-ABCB-1B97B43FD160}"
EndProject
Global
	GlobalSection(SolutionConfigurationPlatforms) = preSolution
		Debug|Any CPU = Debug|Any CPU
		Release|Any CPU = Release|Any CPU
	EndGlobalSection
	GlobalSection(ProjectConfigurationPlatforms) = postSolution
		{C6F9FE36-3DD5-4C6C-ABCB-1B97B43FD160}.Debug|Any CPU.ActiveCfg = Debug|Any CPU
		{C6F9FE36-3DD5-4C6C-ABCB-1B97B43FD160}.Debug|Any CPU.Build.0 = Debug|Any CPU
		{C6F9FE36-3DD5-4C6C-ABCB-1B97B43FD160}.Release|Any CPU.ActiveCfg = Release|Any CPU
		{C6F9FE36-3DD5-4C6C-ABCB-1B97B43FD160}.Release|Any CPU.Build.0 = Release|Any CPU
	EndGlobalSection
	GlobalSection(SolutionProperties) = preSolution
		HideSolutionNode = FALSE
	EndGlobalSection
	GlobalSection(ExtensibilityGlobals) = postSolution
		SolutionGuid = {CCBE5AE4-1B32-45DC-B043-E1FC64CE823E}
	EndGlobalSection
EndGlobal
